
Microsoft Visual Studio Solution File, Format Version 12.00
# Visual Studio 14
VisualStudioVersion = 14.0.25420.1
MinimumVisualStudioVersion = 10.0.40219.1
Project("{2150E333-8FDC-42A3-9474-1A3956D46DE8}") = "OneWayMessageExchangePattern", "OneWayMessageExchangePattern", "{B581ED08-B934-4AC2-BDF4-C2E6F7AB2539}"
EndProject
Project("{FAE04EC0-301F-11D3-BF4B-00C04F79EFBC}") = "OneWayPublisher", "OneWayMessageExchangePattern\OneWayPublisher\OneWayPublisher.csproj", "{35561461-854C-45B4-B8E2-2446BBB09AE0}"
EndProject
Project("{FAE04EC0-301F-11D3-BF4B-00C04F79EFBC}") = "OneWayConsumer", "OneWayMessageExchangePattern\OneWayConsumer\OneWayConsumer.csproj", "{C2E535BF-A453-4C38-8127-85B14C242A97}"
EndProject
Project("{2150E333-8FDC-42A3-9474-1A3956D46DE8}") = "Common", "Common", "{64CC527A-266D-43B3-9B7A-47CC7A74B84D}"
EndProject
Project("{FAE04EC0-301F-11D3-BF4B-00C04F79EFBC}") = "RabbitMQCommon", "Common\RabbitMQCommon\RabbitMQCommon.csproj", "{1C7C54E5-BFA3-4477-975F-C66988659D96}"
EndProject
Project("{2150E333-8FDC-42A3-9474-1A3956D46DE8}") = "PublishSubscribeMessageExchangePattern", "PublishSubscribeMessageExchangePattern", "{67FF3A67-4318-42B3-8AC1-134DBDCED63A}"
EndProject
Project("{FAE04EC0-301F-11D3-BF4B-00C04F79EFBC}") = "PublishSubscribe.AccountingConsumer", "PublishSubscribeMessageExchangePattern\PublishSubscribe.AccountingConsumer\PublishSubscribe.AccountingConsumer.csproj", "{4F29D39A-372E-4262-8E04-D59B5D51FC8B}"
EndProject
Project("{FAE04EC0-301F-11D3-BF4B-00C04F79EFBC}") = "PublishSubscribe.ManagementConsumer", "PublishSubscribeMessageExchangePattern\PublishSubscribe.ManagementConsumer\PublishSubscribe.ManagementConsumer.csproj", "{62578C49-4401-4369-8765-A04729BFEB04}"
EndProject
Project("{FAE04EC0-301F-11D3-BF4B-00C04F79EFBC}") = "PublishSubscribePublisher", "PublishSubscribeMessageExchangePattern\PublishSubscribePublisher\PublishSubscribePublisher.csproj", "{F470EC13-BEAA-43C5-BFD9-5738D9C4DAB0}"
EndProject
Project("{2150E333-8FDC-42A3-9474-1A3956D46DE8}") = "TwoWayMessageExchangePattern", "TwoWayMessageExchangePattern", "{8D3217CD-4118-48C2-9646-777BFA1B49DE}"
EndProject
Project("{FAE04EC0-301F-11D3-BF4B-00C04F79EFBC}") = "RPC.Publisher", "TwoWayMessageExchangePattern\RPC.Publisher\RPC.Publisher.csproj", "{E618D1D3-C886-4282-9151-A0A50D136393}"
EndProject
Project("{FAE04EC0-301F-11D3-BF4B-00C04F79EFBC}") = "RPC.Consumer", "TwoWayMessageExchangePattern\RPC.Consumer\RPC.Consumer.csproj", "{DEA073F4-7A2B-4026-AA94-DF2EE940D515}"
EndProject
Project("{2150E333-8FDC-42A3-9474-1A3956D46DE8}") = "RoutingKeys", "RoutingKeys", "{8E39CDDE-C192-41D4-81ED-B8C9DD6CE221}"
EndProject
Project("{FAE04EC0-301F-11D3-BF4B-00C04F79EFBC}") = "RoutingKeys.Publisher", "RoutingKeys\RoutingKeys.Publisher\RoutingKeys.Publisher.csproj", "{44BC2F9B-9C11-405E-9715-9AB74F7AFB62}"
EndProject
Project("{FAE04EC0-301F-11D3-BF4B-00C04F79EFBC}") = "RoutingKeys.Consumer", "RoutingKeys\RoutingKeys.Consumer\RoutingKeys.Consumer.csproj", "{487D3203-88B2-4A30-9C20-637B29A956D1}"
EndProject
Global
	GlobalSection(SolutionConfigurationPlatforms) = preSolution
		Debug|Any CPU = Debug|Any CPU
		Release|Any CPU = Release|Any CPU
	EndGlobalSection
	GlobalSection(ProjectConfigurationPlatforms) = postSolution
		{35561461-854C-45B4-B8E2-2446BBB09AE0}.Debug|Any CPU.ActiveCfg = Debug|Any CPU
		{35561461-854C-45B4-B8E2-2446BBB09AE0}.Debug|Any CPU.Build.0 = Debug|Any CPU
		{35561461-854C-45B4-B8E2-2446BBB09AE0}.Release|Any CPU.ActiveCfg = Release|Any CPU
		{35561461-854C-45B4-B8E2-2446BBB09AE0}.Release|Any CPU.Build.0 = Release|Any CPU
		{C2E535BF-A453-4C38-8127-85B14C242A97}.Debug|Any CPU.ActiveCfg = Debug|Any CPU
		{C2E535BF-A453-4C38-8127-85B14C242A97}.Debug|Any CPU.Build.0 = Debug|Any CPU
		{C2E535BF-A453-4C38-8127-85B14C242A97}.Release|Any CPU.ActiveCfg = Release|Any CPU
		{C2E535BF-A453-4C38-8127-85B14C242A97}.Release|Any CPU.Build.0 = Release|Any CPU
		{1C7C54E5-BFA3-4477-975F-C66988659D96}.Debug|Any CPU.ActiveCfg = Debug|Any CPU
		{1C7C54E5-BFA3-4477-975F-C66988659D96}.Debug|Any CPU.Build.0 = Debug|Any CPU
		{1C7C54E5-BFA3-4477-975F-C66988659D96}.Release|Any CPU.ActiveCfg = Release|Any CPU
		{1C7C54E5-BFA3-4477-975F-C66988659D96}.Release|Any CPU.Build.0 = Release|Any CPU
		{4F29D39A-372E-4262-8E04-D59B5D51FC8B}.Debug|Any CPU.ActiveCfg = Debug|Any CPU
		{4F29D39A-372E-4262-8E04-D59B5D51FC8B}.Debug|Any CPU.Build.0 = Debug|Any CPU
		{4F29D39A-372E-4262-8E04-D59B5D51FC8B}.Release|Any CPU.ActiveCfg = Release|Any CPU
		{4F29D39A-372E-4262-8E04-D59B5D51FC8B}.Release|Any CPU.Build.0 = Release|Any CPU
		{62578C49-4401-4369-8765-A04729BFEB04}.Debug|Any CPU.ActiveCfg = Debug|Any CPU
		{62578C49-4401-4369-8765-A04729BFEB04}.Debug|Any CPU.Build.0 = Debug|Any CPU
		{62578C49-4401-4369-8765-A04729BFEB04}.Release|Any CPU.ActiveCfg = Release|Any CPU
		{62578C49-4401-4369-8765-A04729BFEB04}.Release|Any CPU.Build.0 = Release|Any CPU
		{F470EC13-BEAA-43C5-BFD9-5738D9C4DAB0}.Debug|Any CPU.ActiveCfg = Debug|Any CPU
		{F470EC13-BEAA-43C5-BFD9-5738D9C4DAB0}.Debug|Any CPU.Build.0 = Debug|Any CPU
		{F470EC13-BEAA-43C5-BFD9-5738D9C4DAB0}.Release|Any CPU.ActiveCfg = Release|Any CPU
		{F470EC13-BEAA-43C5-BFD9-5738D9C4DAB0}.Release|Any CPU.Build.0 = Release|Any CPU
		{E618D1D3-C886-4282-9151-A0A50D136393}.Debug|Any CPU.ActiveCfg = Debug|Any CPU
		{E618D1D3-C886-4282-9151-A0A50D136393}.Debug|Any CPU.Build.0 = Debug|Any CPU
		{E618D1D3-C886-4282-9151-A0A50D136393}.Release|Any CPU.ActiveCfg = Release|Any CPU
		{E618D1D3-C886-4282-9151-A0A50D136393}.Release|Any CPU.Build.0 = Release|Any CPU
		{DEA073F4-7A2B-4026-AA94-DF2EE940D515}.Debug|Any CPU.ActiveCfg = Debug|Any CPU
		{DEA073F4-7A2B-4026-AA94-DF2EE940D515}.Debug|Any CPU.Build.0 = Debug|Any CPU
		{DEA073F4-7A2B-4026-AA94-DF2EE940D515}.Release|Any CPU.ActiveCfg = Release|Any CPU
		{DEA073F4-7A2B-4026-AA94-DF2EE940D515}.Release|Any CPU.Build.0 = Release|Any CPU
		{44BC2F9B-9C11-405E-9715-9AB74F7AFB62}.Debug|Any CPU.ActiveCfg = Debug|Any CPU
		{44BC2F9B-9C11-405E-9715-9AB74F7AFB62}.Debug|Any CPU.Build.0 = Debug|Any CPU
		{44BC2F9B-9C11-405E-9715-9AB74F7AFB62}.Release|Any CPU.ActiveCfg = Release|Any CPU
		{44BC2F9B-9C11-405E-9715-9AB74F7AFB62}.Release|Any CPU.Build.0 = Release|Any CPU
		{487D3203-88B2-4A30-9C20-637B29A956D1}.Debug|Any CPU.ActiveCfg = Debug|Any CPU
		{487D3203-88B2-4A30-9C20-637B29A956D1}.Debug|Any CPU.Build.0 = Debug|Any CPU
		{487D3203-88B2-4A30-9C20-637B29A956D1}.Release|Any CPU.ActiveCfg = Release|Any CPU
		{487D3203-88B2-4A30-9C20-637B29A956D1}.Release|Any CPU.Build.0 = Release|Any CPU
	EndGlobalSection
	GlobalSection(SolutionProperties) = preSolution
		HideSolutionNode = FALSE
	EndGlobalSection
	GlobalSection(NestedProjects) = preSolution
		{35561461-854C-45B4-B8E2-2446BBB09AE0} = {B581ED08-B934-4AC2-BDF4-C2E6F7AB2539}
		{C2E535BF-A453-4C38-8127-85B14C242A97} = {B581ED08-B934-4AC2-BDF4-C2E6F7AB2539}
		{1C7C54E5-BFA3-4477-975F-C66988659D96} = {64CC527A-266D-43B3-9B7A-47CC7A74B84D}
		{4F29D39A-372E-4262-8E04-D59B5D51FC8B} = {67FF3A67-4318-42B3-8AC1-134DBDCED63A}
		{62578C49-4401-4369-8765-A04729BFEB04} = {67FF3A67-4318-42B3-8AC1-134DBDCED63A}
		{F470EC13-BEAA-43C5-BFD9-5738D9C4DAB0} = {67FF3A67-4318-42B3-8AC1-134DBDCED63A}
		{E618D1D3-C886-4282-9151-A0A50D136393} = {8D3217CD-4118-48C2-9646-777BFA1B49DE}
		{DEA073F4-7A2B-4026-AA94-DF2EE940D515} = {8D3217CD-4118-48C2-9646-777BFA1B49DE}
		{44BC2F9B-9C11-405E-9715-9AB74F7AFB62} = {8E39CDDE-C192-41D4-81ED-B8C9DD6CE221}
		{487D3203-88B2-4A30-9C20-637B29A956D1} = {8E39CDDE-C192-41D4-81ED-B8C9DD6CE221}
	EndGlobalSection
EndGlobal
